
Microsoft Visual Studio Solution File, Format Version 12.00
# Visual Studio Version 16
VisualStudioVersion = 16.0.31229.75
MinimumVisualStudioVersion = 10.0.40219.1
Project("{FAE04EC0-301F-11D3-BF4B-00C04F79EFBC}") = "WebApiInMemoryCaching", "WebApiInMemoryCaching\WebApiInMemoryCaching.csproj", "{BFC1FE7A-ED35-41E6-B56B-F46375A17C1B}"
EndProject
Global
	GlobalSection(SolutionConfigurationPlatforms) = preSolution
		Debug|Any CPU = Debug|Any CPU
		Release|Any CPU = Release|Any CPU
	EndGlobalSection
	GlobalSection(ProjectConfigurationPlatforms) = postSolution
		{BFC1FE7A-ED35-41E6-B56B-F46375A17C1B}.Debug|Any CPU.ActiveCfg = Debug|Any CPU
		{BFC1FE7A-ED35-41E6-B56B-F46375A17C1B}.Debug|Any CPU.Build.0 = Debug|Any CPU
		{BFC1FE7A-ED35-41E6-B56B-F46375A17C1B}.Release|Any CPU.ActiveCfg = Release|Any CPU
		{BFC1FE7A-ED35-41E6-B56B-F46375A17C1B}.Release|Any CPU.Build.0 = Release|Any CPU
	EndGlobalSection
	GlobalSection(SolutionProperties) = preSolution
		HideSolutionNode = FALSE
	EndGlobalSection
	GlobalSection(ExtensibilityGlobals) = postSolution
		SolutionGuid = {11330285-2B49-471C-951D-815D1FEAEBAA}
	EndGlobalSection
EndGlobal
