
Microsoft Visual Studio Solution File, Format Version 12.00
# Visual Studio Version 16
VisualStudioVersion = 16.0.31112.23
MinimumVisualStudioVersion = 10.0.40219.1
Project("{FAE04EC0-301F-11D3-BF4B-00C04F79EFBC}") = "DIConsoleDemo", "DIConsoleDemo\DIConsoleDemo.csproj", "{B9A4C7EB-CCAE-40EB-A100-F3CAE73325ED}"
EndProject
Global
	GlobalSection(SolutionConfigurationPlatforms) = preSolution
		Debug|Any CPU = Debug|Any CPU
		Release|Any CPU = Release|Any CPU
	EndGlobalSection
	GlobalSection(ProjectConfigurationPlatforms) = postSolution
		{B9A4C7EB-CCAE-40EB-A100-F3CAE73325ED}.Debug|Any CPU.ActiveCfg = Debug|Any CPU
		{B9A4C7EB-CCAE-40EB-A100-F3CAE73325ED}.Debug|Any CPU.Build.0 = Debug|Any CPU
		{B9A4C7EB-CCAE-40EB-A100-F3CAE73325ED}.Release|Any CPU.ActiveCfg = Release|Any CPU
		{B9A4C7EB-CCAE-40EB-A100-F3CAE73325ED}.Release|Any CPU.Build.0 = Release|Any CPU
	EndGlobalSection
	GlobalSection(SolutionProperties) = preSolution
		HideSolutionNode = FALSE
	EndGlobalSection
	GlobalSection(ExtensibilityGlobals) = postSolution
		SolutionGuid = {9D2BFA0F-7837-4BEB-83DF-FC0483F6A212}
	EndGlobalSection
EndGlobal
