
Microsoft Visual Studio Solution File, Format Version 12.00
# Visual Studio Version 16
VisualStudioVersion = 16.0.31229.75
MinimumVisualStudioVersion = 10.0.40219.1
Project("{9A19103F-16F7-4668-BE54-9A1E7A4F7556}") = "Blog.Data.EF", "Blog.Data.EF\Blog.Data.EF.csproj", "{79B58BFF-5C4D-4740-933E-E18C7FC1EE18}"
EndProject
Project("{9A19103F-16F7-4668-BE54-9A1E7A4F7556}") = "Blog.Data", "Blog.Data\Blog.Data.csproj", "{9FC76A15-A4F0-46C9-9484-868E360FEEB4}"
EndProject
Project("{9A19103F-16F7-4668-BE54-9A1E7A4F7556}") = "Blog.Data.Contracts", "Blog.Data.Contracts\Blog.Data.Contracts.csproj", "{41007B9F-5353-4BC1-A3BB-44E6B2C83CE8}"
EndProject
Project("{9A19103F-16F7-4668-BE54-9A1E7A4F7556}") = "Blog.Business", "Blog.Business\Blog.Business.csproj", "{444A3664-AE67-48A1-9FEE-64C801C9C1F9}"
EndProject
Project("{9A19103F-16F7-4668-BE54-9A1E7A4F7556}") = "Blog.Business.Contracts", "Blog.Business.Contracts\Blog.Business.Contracts.csproj", "{5F328DE5-3103-4E73-9B01-51972949B108}"
EndProject
Project("{9A19103F-16F7-4668-BE54-9A1E7A4F7556}") = "Blog.Api", "Blog.Api\Blog.Api.csproj", "{009B06BC-CEF4-4649-B288-D1F361C18756}"
EndProject
Project("{FAE04EC0-301F-11D3-BF4B-00C04F79EFBC}") = "Blog.Data.Tests", "Blog.Data.Tests\Blog.Data.Tests.csproj", "{3D9DBE2F-1F85-4865-9494-278616D04310}"
EndProject
Global
	GlobalSection(SolutionConfigurationPlatforms) = preSolution
		Debug|Any CPU = Debug|Any CPU
		Release|Any CPU = Release|Any CPU
	EndGlobalSection
	GlobalSection(ProjectConfigurationPlatforms) = postSolution
		{79B58BFF-5C4D-4740-933E-E18C7FC1EE18}.Debug|Any CPU.ActiveCfg = Debug|Any CPU
		{79B58BFF-5C4D-4740-933E-E18C7FC1EE18}.Debug|Any CPU.Build.0 = Debug|Any CPU
		{79B58BFF-5C4D-4740-933E-E18C7FC1EE18}.Release|Any CPU.ActiveCfg = Release|Any CPU
		{79B58BFF-5C4D-4740-933E-E18C7FC1EE18}.Release|Any CPU.Build.0 = Release|Any CPU
		{9FC76A15-A4F0-46C9-9484-868E360FEEB4}.Debug|Any CPU.ActiveCfg = Debug|Any CPU
		{9FC76A15-A4F0-46C9-9484-868E360FEEB4}.Debug|Any CPU.Build.0 = Debug|Any CPU
		{9FC76A15-A4F0-46C9-9484-868E360FEEB4}.Release|Any CPU.ActiveCfg = Release|Any CPU
		{9FC76A15-A4F0-46C9-9484-868E360FEEB4}.Release|Any CPU.Build.0 = Release|Any CPU
		{41007B9F-5353-4BC1-A3BB-44E6B2C83CE8}.Debug|Any CPU.ActiveCfg = Debug|Any CPU
		{41007B9F-5353-4BC1-A3BB-44E6B2C83CE8}.Debug|Any CPU.Build.0 = Debug|Any CPU
		{41007B9F-5353-4BC1-A3BB-44E6B2C83CE8}.Release|Any CPU.ActiveCfg = Release|Any CPU
		{41007B9F-5353-4BC1-A3BB-44E6B2C83CE8}.Release|Any CPU.Build.0 = Release|Any CPU
		{444A3664-AE67-48A1-9FEE-64C801C9C1F9}.Debug|Any CPU.ActiveCfg = Debug|Any CPU
		{444A3664-AE67-48A1-9FEE-64C801C9C1F9}.Debug|Any CPU.Build.0 = Debug|Any CPU
		{444A3664-AE67-48A1-9FEE-64C801C9C1F9}.Release|Any CPU.ActiveCfg = Release|Any CPU
		{444A3664-AE67-48A1-9FEE-64C801C9C1F9}.Release|Any CPU.Build.0 = Release|Any CPU
		{5F328DE5-3103-4E73-9B01-51972949B108}.Debug|Any CPU.ActiveCfg = Debug|Any CPU
		{5F328DE5-3103-4E73-9B01-51972949B108}.Debug|Any CPU.Build.0 = Debug|Any CPU
		{5F328DE5-3103-4E73-9B01-51972949B108}.Release|Any CPU.ActiveCfg = Release|Any CPU
		{5F328DE5-3103-4E73-9B01-51972949B108}.Release|Any CPU.Build.0 = Release|Any CPU
		{009B06BC-CEF4-4649-B288-D1F361C18756}.Debug|Any CPU.ActiveCfg = Debug|Any CPU
		{009B06BC-CEF4-4649-B288-D1F361C18756}.Debug|Any CPU.Build.0 = Debug|Any CPU
		{009B06BC-CEF4-4649-B288-D1F361C18756}.Release|Any CPU.ActiveCfg = Release|Any CPU
		{009B06BC-CEF4-4649-B288-D1F361C18756}.Release|Any CPU.Build.0 = Release|Any CPU
		{3D9DBE2F-1F85-4865-9494-278616D04310}.Debug|Any CPU.ActiveCfg = Debug|Any CPU
		{3D9DBE2F-1F85-4865-9494-278616D04310}.Debug|Any CPU.Build.0 = Debug|Any CPU
		{3D9DBE2F-1F85-4865-9494-278616D04310}.Release|Any CPU.ActiveCfg = Release|Any CPU
		{3D9DBE2F-1F85-4865-9494-278616D04310}.Release|Any CPU.Build.0 = Release|Any CPU
	EndGlobalSection
	GlobalSection(SolutionProperties) = preSolution
		HideSolutionNode = FALSE
	EndGlobalSection
	GlobalSection(ExtensibilityGlobals) = postSolution
		SolutionGuid = {3C3C3280-CD53-43AE-9A50-0D60ACCDF8C0}
	EndGlobalSection
EndGlobal
