
Microsoft Visual Studio Solution File, Format Version 12.00
# Visual Studio Version 16
VisualStudioVersion = 16.0.31229.75
MinimumVisualStudioVersion = 10.0.40219.1
Project("{FAE04EC0-301F-11D3-BF4B-00C04F79EFBC}") = "WebApiDistributedMemoryCache", "WebApiDistributedMemoryCache\WebApiDistributedMemoryCache.csproj", "{6C372EF1-00B3-48F1-8979-488E03D848BB}"
EndProject
Global
	GlobalSection(SolutionConfigurationPlatforms) = preSolution
		Debug|Any CPU = Debug|Any CPU
		Release|Any CPU = Release|Any CPU
	EndGlobalSection
	GlobalSection(ProjectConfigurationPlatforms) = postSolution
		{6C372EF1-00B3-48F1-8979-488E03D848BB}.Debug|Any CPU.ActiveCfg = Debug|Any CPU
		{6C372EF1-00B3-48F1-8979-488E03D848BB}.Debug|Any CPU.Build.0 = Debug|Any CPU
		{6C372EF1-00B3-48F1-8979-488E03D848BB}.Release|Any CPU.ActiveCfg = Release|Any CPU
		{6C372EF1-00B3-48F1-8979-488E03D848BB}.Release|Any CPU.Build.0 = Release|Any CPU
	EndGlobalSection
	GlobalSection(SolutionProperties) = preSolution
		HideSolutionNode = FALSE
	EndGlobalSection
	GlobalSection(ExtensibilityGlobals) = postSolution
		SolutionGuid = {3C025160-139B-4B47-8D8D-9FE0239F19F0}
	EndGlobalSection
EndGlobal
